
Microsoft Visual Studio Solution File, Format Version 12.00
# Visual Studio 15
VisualStudioVersion = 15.0.27130.2010
MinimumVisualStudioVersion = 10.0.40219.1
Project("{FAE04EC0-301F-11D3-BF4B-00C04F79EFBC}") = "ElectricData", "ElectricData.csproj", "{99390A8A-A30A-4F6C-96FD-58C6C8A222BA}"
EndProject
Project("{FAE04EC0-301F-11D3-BF4B-00C04F79EFBC}") = "ElectricData.BL", "..\ElectricData.BL\ElectricData.BL.csproj", "{1CB1C993-B23D-4A62-BB81-CA224A9FC916}"
EndProject
Global
	GlobalSection(SolutionConfigurationPlatforms) = preSolution
		Debug|Any CPU = Debug|Any CPU
		Release|Any CPU = Release|Any CPU
	EndGlobalSection
	GlobalSection(ProjectConfigurationPlatforms) = postSolution
		{99390A8A-A30A-4F6C-96FD-58C6C8A222BA}.Debug|Any CPU.ActiveCfg = Debug|Any CPU
		{99390A8A-A30A-4F6C-96FD-58C6C8A222BA}.Debug|Any CPU.Build.0 = Debug|Any CPU
		{99390A8A-A30A-4F6C-96FD-58C6C8A222BA}.Release|Any CPU.ActiveCfg = Release|Any CPU
		{99390A8A-A30A-4F6C-96FD-58C6C8A222BA}.Release|Any CPU.Build.0 = Release|Any CPU
		{1CB1C993-B23D-4A62-BB81-CA224A9FC916}.Debug|Any CPU.ActiveCfg = Debug|Any CPU
		{1CB1C993-B23D-4A62-BB81-CA224A9FC916}.Debug|Any CPU.Build.0 = Debug|Any CPU
		{1CB1C993-B23D-4A62-BB81-CA224A9FC916}.Release|Any CPU.ActiveCfg = Release|Any CPU
		{1CB1C993-B23D-4A62-BB81-CA224A9FC916}.Release|Any CPU.Build.0 = Release|Any CPU
	EndGlobalSection
	GlobalSection(SolutionProperties) = preSolution
		HideSolutionNode = FALSE
	EndGlobalSection
	GlobalSection(ExtensibilityGlobals) = postSolution
		SolutionGuid = {D7733E30-C627-4CFE-B6CC-EE15949BFE50}
	EndGlobalSection
EndGlobal
